
Microsoft Visual Studio Solution File, Format Version 11.00
# Visual Studio 2010
Project("{FAE04EC0-301F-11D3-BF4B-00C04F79EFBC}") = "UnityEngine.TestRunner", "UnityEngine.TestRunner.csproj", "{209552f4-433f-71ff-28a7-b69362259a5c}"
EndProject
Project("{FAE04EC0-301F-11D3-BF4B-00C04F79EFBC}") = "Unity.InputSystem", "Unity.InputSystem.csproj", "{a690e0ec-971f-4d80-6d7c-d1374fb2dcbf}"
EndProject
Project("{FAE04EC0-301F-11D3-BF4B-00C04F79EFBC}") = "Unity.Timeline", "Unity.Timeline.csproj", "{852ea828-7f53-1b71-55a5-2b0a877b7032}"
EndProject
Project("{FAE04EC0-301F-11D3-BF4B-00C04F79EFBC}") = "Unity.TextMeshPro", "Unity.TextMeshPro.csproj", "{fac510de-a754-0df6-d513-1615e8f0cc7d}"
EndProject
Project("{FAE04EC0-301F-11D3-BF4B-00C04F79EFBC}") = "Assembly-CSharp", "Assembly-CSharp.csproj", "{abe5530b-6169-71e6-f445-c49ec5d1af9e}"
EndProject
Project("{FAE04EC0-301F-11D3-BF4B-00C04F79EFBC}") = "UnityEditor.TestRunner", "UnityEditor.TestRunner.csproj", "{12838b5d-6ad2-c1cd-9393-f9a1aea0f45a}"
EndProject
Project("{FAE04EC0-301F-11D3-BF4B-00C04F79EFBC}") = "Unity.PlasticSCM.Editor", "Unity.PlasticSCM.Editor.csproj", "{f2aef4cc-280b-1269-4f90-b5c3e031db05}"
EndProject
Project("{FAE04EC0-301F-11D3-BF4B-00C04F79EFBC}") = "Unity.Services.Core.Editor", "Unity.Services.Core.Editor.csproj", "{737b0b84-efb6-0d23-0702-760197423f50}"
EndProject
Project("{FAE04EC0-301F-11D3-BF4B-00C04F79EFBC}") = "Unity.Timeline.Editor", "Unity.Timeline.Editor.csproj", "{ea2382c6-6fef-628f-0eab-9b1f55f87d28}"
EndProject
Project("{FAE04EC0-301F-11D3-BF4B-00C04F79EFBC}") = "Unity.VisualStudio.Editor", "Unity.VisualStudio.Editor.csproj", "{1fd5f83c-2172-b7cf-70d9-d1fd1423a996}"
EndProject
Project("{FAE04EC0-301F-11D3-BF4B-00C04F79EFBC}") = "Unity.TextMeshPro.Editor", "Unity.TextMeshPro.Editor.csproj", "{59c59eac-3c7b-9c10-6892-e9aed6a8b12e}"
EndProject
Project("{FAE04EC0-301F-11D3-BF4B-00C04F79EFBC}") = "Unity.CollabProxy.Editor", "Unity.CollabProxy.Editor.csproj", "{cccd1690-ee26-c076-2787-bf647e1fd027}"
EndProject
Project("{FAE04EC0-301F-11D3-BF4B-00C04F79EFBC}") = "Unity.Rider.Editor", "Unity.Rider.Editor.csproj", "{ffaee753-5fff-4cc2-0473-49aade4baf45}"
EndProject
Project("{FAE04EC0-301F-11D3-BF4B-00C04F79EFBC}") = "Unity.VSCode.Editor", "Unity.VSCode.Editor.csproj", "{2a5d7d60-5c5d-77cd-02e1-8652402c3c64}"
EndProject
Global
	GlobalSection(SolutionConfigurationPlatforms) = preSolution
		Debug|Any CPU = Debug|Any CPU
		Release|Any CPU = Release|Any CPU
	EndGlobalSection
	GlobalSection(ProjectConfigurationPlatforms) = postSolution
		{209552f4-433f-71ff-28a7-b69362259a5c}.Debug|Any CPU.ActiveCfg = Debug|Any CPU
		{209552f4-433f-71ff-28a7-b69362259a5c}.Debug|Any CPU.Build.0 = Debug|Any CPU
		{209552f4-433f-71ff-28a7-b69362259a5c}.Release|Any CPU.ActiveCfg = Release|Any CPU
		{209552f4-433f-71ff-28a7-b69362259a5c}.Release|Any CPU.Build.0 = Release|Any CPU
		{a690e0ec-971f-4d80-6d7c-d1374fb2dcbf}.Debug|Any CPU.ActiveCfg = Debug|Any CPU
		{a690e0ec-971f-4d80-6d7c-d1374fb2dcbf}.Debug|Any CPU.Build.0 = Debug|Any CPU
		{a690e0ec-971f-4d80-6d7c-d1374fb2dcbf}.Release|Any CPU.ActiveCfg = Release|Any CPU
		{a690e0ec-971f-4d80-6d7c-d1374fb2dcbf}.Release|Any CPU.Build.0 = Release|Any CPU
		{852ea828-7f53-1b71-55a5-2b0a877b7032}.Debug|Any CPU.ActiveCfg = Debug|Any CPU
		{852ea828-7f53-1b71-55a5-2b0a877b7032}.Debug|Any CPU.Build.0 = Debug|Any CPU
		{852ea828-7f53-1b71-55a5-2b0a877b7032}.Release|Any CPU.ActiveCfg = Release|Any CPU
		{852ea828-7f53-1b71-55a5-2b0a877b7032}.Release|Any CPU.Build.0 = Release|Any CPU
		{fac510de-a754-0df6-d513-1615e8f0cc7d}.Debug|Any CPU.ActiveCfg = Debug|Any CPU
		{fac510de-a754-0df6-d513-1615e8f0cc7d}.Debug|Any CPU.Build.0 = Debug|Any CPU
		{fac510de-a754-0df6-d513-1615e8f0cc7d}.Release|Any CPU.ActiveCfg = Release|Any CPU
		{fac510de-a754-0df6-d513-1615e8f0cc7d}.Release|Any CPU.Build.0 = Release|Any CPU
		{abe5530b-6169-71e6-f445-c49ec5d1af9e}.Debug|Any CPU.ActiveCfg = Debug|Any CPU
		{abe5530b-6169-71e6-f445-c49ec5d1af9e}.Debug|Any CPU.Build.0 = Debug|Any CPU
		{abe5530b-6169-71e6-f445-c49ec5d1af9e}.Release|Any CPU.ActiveCfg = Release|Any CPU
		{abe5530b-6169-71e6-f445-c49ec5d1af9e}.Release|Any CPU.Build.0 = Release|Any CPU
		{12838b5d-6ad2-c1cd-9393-f9a1aea0f45a}.Debug|Any CPU.ActiveCfg = Debug|Any CPU
		{12838b5d-6ad2-c1cd-9393-f9a1aea0f45a}.Debug|Any CPU.Build.0 = Debug|Any CPU
		{12838b5d-6ad2-c1cd-9393-f9a1aea0f45a}.Release|Any CPU.ActiveCfg = Release|Any CPU
		{12838b5d-6ad2-c1cd-9393-f9a1aea0f45a}.Release|Any CPU.Build.0 = Release|Any CPU
		{f2aef4cc-280b-1269-4f90-b5c3e031db05}.Debug|Any CPU.ActiveCfg = Debug|Any CPU
		{f2aef4cc-280b-1269-4f90-b5c3e031db05}.Debug|Any CPU.Build.0 = Debug|Any CPU
		{f2aef4cc-280b-1269-4f90-b5c3e031db05}.Release|Any CPU.ActiveCfg = Release|Any CPU
		{f2aef4cc-280b-1269-4f90-b5c3e031db05}.Release|Any CPU.Build.0 = Release|Any CPU
		{737b0b84-efb6-0d23-0702-760197423f50}.Debug|Any CPU.ActiveCfg = Debug|Any CPU
		{737b0b84-efb6-0d23-0702-760197423f50}.Debug|Any CPU.Build.0 = Debug|Any CPU
		{737b0b84-efb6-0d23-0702-760197423f50}.Release|Any CPU.ActiveCfg = Release|Any CPU
		{737b0b84-efb6-0d23-0702-760197423f50}.Release|Any CPU.Build.0 = Release|Any CPU
		{ea2382c6-6fef-628f-0eab-9b1f55f87d28}.Debug|Any CPU.ActiveCfg = Debug|Any CPU
		{ea2382c6-6fef-628f-0eab-9b1f55f87d28}.Debug|Any CPU.Build.0 = Debug|Any CPU
		{ea2382c6-6fef-628f-0eab-9b1f55f87d28}.Release|Any CPU.ActiveCfg = Release|Any CPU
		{ea2382c6-6fef-628f-0eab-9b1f55f87d28}.Release|Any CPU.Build.0 = Release|Any CPU
		{1fd5f83c-2172-b7cf-70d9-d1fd1423a996}.Debug|Any CPU.ActiveCfg = Debug|Any CPU
		{1fd5f83c-2172-b7cf-70d9-d1fd1423a996}.Debug|Any CPU.Build.0 = Debug|Any CPU
		{1fd5f83c-2172-b7cf-70d9-d1fd1423a996}.Release|Any CPU.ActiveCfg = Release|Any CPU
		{1fd5f83c-2172-b7cf-70d9-d1fd1423a996}.Release|Any CPU.Build.0 = Release|Any CPU
		{59c59eac-3c7b-9c10-6892-e9aed6a8b12e}.Debug|Any CPU.ActiveCfg = Debug|Any CPU
		{59c59eac-3c7b-9c10-6892-e9aed6a8b12e}.Debug|Any CPU.Build.0 = Debug|Any CPU
		{59c59eac-3c7b-9c10-6892-e9aed6a8b12e}.Release|Any CPU.ActiveCfg = Release|Any CPU
		{59c59eac-3c7b-9c10-6892-e9aed6a8b12e}.Release|Any CPU.Build.0 = Release|Any CPU
		{cccd1690-ee26-c076-2787-bf647e1fd027}.Debug|Any CPU.ActiveCfg = Debug|Any CPU
		{cccd1690-ee26-c076-2787-bf647e1fd027}.Debug|Any CPU.Build.0 = Debug|Any CPU
		{cccd1690-ee26-c076-2787-bf647e1fd027}.Release|Any CPU.ActiveCfg = Release|Any CPU
		{cccd1690-ee26-c076-2787-bf647e1fd027}.Release|Any CPU.Build.0 = Release|Any CPU
		{ffaee753-5fff-4cc2-0473-49aade4baf45}.Debug|Any CPU.ActiveCfg = Debug|Any CPU
		{ffaee753-5fff-4cc2-0473-49aade4baf45}.Debug|Any CPU.Build.0 = Debug|Any CPU
		{ffaee753-5fff-4cc2-0473-49aade4baf45}.Release|Any CPU.ActiveCfg = Release|Any CPU
		{ffaee753-5fff-4cc2-0473-49aade4baf45}.Release|Any CPU.Build.0 = Release|Any CPU
		{2a5d7d60-5c5d-77cd-02e1-8652402c3c64}.Debug|Any CPU.ActiveCfg = Debug|Any CPU
		{2a5d7d60-5c5d-77cd-02e1-8652402c3c64}.Debug|Any CPU.Build.0 = Debug|Any CPU
		{2a5d7d60-5c5d-77cd-02e1-8652402c3c64}.Release|Any CPU.ActiveCfg = Release|Any CPU
		{2a5d7d60-5c5d-77cd-02e1-8652402c3c64}.Release|Any CPU.Build.0 = Release|Any CPU
	EndGlobalSection
	GlobalSection(SolutionProperties) = preSolution
		HideSolutionNode = FALSE
	EndGlobalSection
EndGlobal
